{
  "name": "proofread-doc",
  "version": "1.0.0",
  "lockfileVersion": 3,
  "requires": true,
  "packages": {
    "": {
      "name": "proofread-doc",
      "version": "1.0.0",
      "license": "ISC",
      "dependencies": {
        "@composableai/studio": "^0.7.4",
        "api-fetch-client": "^0.6.1",
        "eventsource": "^2.0.2"
      },
      "devDependencies": {
        "@types/node": "^20.8.9"
      }
    },
    "node_modules/@composableai/studio": {
      "version": "0.7.4",
      "resolved": "https://registry.npmjs.org/@composableai/studio/-/studio-0.7.4.tgz",
      "integrity": "sha512-IsuHrEsr/Fu6HvOyboxB3eqVteQRWk00pcN7p0OCxwru1egSNXGU9Yru9gfbCEp+6NWtD/ZCHd5MZATSH/1ozA==",
      "bundleDependencies": [
        "@dglabs/client",
        "@dglabs/types"
      ],
      "dependencies": {
        "@dglabs/client": "*",
        "@dglabs/types": "*",
        "api-fetch-client": "^0.6.1",
        "eventsource": "^2.0.2"
      }
    },
    "node_modules/@types/node": {
      "version": "20.8.9",
      "resolved": "https://registry.npmjs.org/@types/node/-/node-20.8.9.tgz",
      "integrity": "sha512-UzykFsT3FhHb1h7yD4CA4YhBHq545JC0YnEz41xkipN88eKQtL6rSgocL5tbAP6Ola9Izm/Aw4Ora8He4x0BHg==",
      "dev": true,
      "dependencies": {
        "undici-types": "~5.26.4"
      }
    },
    "node_modules/api-fetch-client": {
      "version": "0.6.1",
      "resolved": "https://registry.npmjs.org/api-fetch-client/-/api-fetch-client-0.6.1.tgz",
      "integrity": "sha512-tCapKB1sJPlob3DzSENWUJRX+K9pXY5CQ3l6sI/PL7KlUgifVAuDtowOmTMP+F661U7xoXJi5/8wqcrESFo/Uw=="
    },
    "node_modules/eventsource": {
      "version": "2.0.2",
      "resolved": "https://registry.npmjs.org/eventsource/-/eventsource-2.0.2.tgz",
      "integrity": "sha512-IzUmBGPR3+oUG9dUeXynyNmf91/3zUSJg1lCktzKw47OXuhco54U3r9B7O4XX+Rb1Itm9OZ2b0RkTs10bICOxA==",
      "engines": {
        "node": ">=12.0.0"
      }
    },
    "node_modules/undici-types": {
      "version": "5.26.5",
      "resolved": "https://registry.npmjs.org/undici-types/-/undici-types-5.26.5.tgz",
      "integrity": "sha512-JlCMO+ehdEIKqlFxk6IfVoAUVmgz7cU7zD/h9XZ0qzeosSHmUJVOzSQvvYSYWXkFXC+IfLKSIffhv0sVZup6pA==",
      "dev": true
    }
  }
}
